
Microsoft Visual Studio Solution File, Format Version 12.00
# Visual Studio Version 16
VisualStudioVersion = 16.0.29021.104
MinimumVisualStudioVersion = 10.0.40219.1
Project("{9A19103F-16F7-4668-BE54-9A1E7A4F7556}") = "EnvelopeWarpPlayground", "EnvelopeWarpPlayground\EnvelopeWarpPlayground.csproj", "{23112A46-7EA8-447D-9D63-02E62347C364}"
EndProject
Project("{2150E333-8FDC-42A3-9474-1A3956D46DE8}") = "Solution Items", "Solution Items", "{07D9F071-9BBB-4086-B4B7-319839C302CA}"
	ProjectSection(SolutionItems) = preProject
		.editorconfig = .editorconfig
	EndProjectSection
EndProject
Global
	GlobalSection(SolutionConfigurationPlatforms) = preSolution
		Debug|Any CPU = Debug|Any CPU
		Release|Any CPU = Release|Any CPU
	EndGlobalSection
	GlobalSection(ProjectConfigurationPlatforms) = postSolution
		{23112A46-7EA8-447D-9D63-02E62347C364}.Debug|Any CPU.ActiveCfg = Debug|Any CPU
		{23112A46-7EA8-447D-9D63-02E62347C364}.Debug|Any CPU.Build.0 = Debug|Any CPU
		{23112A46-7EA8-447D-9D63-02E62347C364}.Release|Any CPU.ActiveCfg = Release|Any CPU
		{23112A46-7EA8-447D-9D63-02E62347C364}.Release|Any CPU.Build.0 = Release|Any CPU
	EndGlobalSection
	GlobalSection(SolutionProperties) = preSolution
		HideSolutionNode = FALSE
	EndGlobalSection
	GlobalSection(ExtensibilityGlobals) = postSolution
		SolutionGuid = {F7858296-1110-48B1-BC9B-13CA658E1A1B}
	EndGlobalSection
EndGlobal
